
Microsoft Visual Studio Solution File, Format Version 11.00
# Visual Studio 2010
Project("{FAE04EC0-301F-11D3-BF4B-00C04F79EFBC}") = "FezEngine", "FezEngine.csproj", "{031D2C22-D808-4A34-95FD-2BCA44350381}"
EndProject
Global
	GlobalSection(SolutionConfigurationPlatforms) = preSolution
		Debug|Any CPU = Debug|Any CPU
		Release|Any CPU = Release|Any CPU
	EndGlobalSection
	GlobalSection(ProjectConfigurationPlatforms) = postSolution
		{031D2C22-D808-4A34-95FD-2BCA44350381}.Debug|Any CPU.ActiveCfg = Debug|Any CPU
		{031D2C22-D808-4A34-95FD-2BCA44350381}.Debug|Any CPU.Build.0 = Debug|Any CPU
		{031D2C22-D808-4A34-95FD-2BCA44350381}.Release|Any CPU.ActiveCfg = Release|Any CPU
		{031D2C22-D808-4A34-95FD-2BCA44350381}.Release|Any CPU.Build.0 = Release|Any CPU
	EndGlobalSection
	GlobalSection(SolutionProperties) = preSolution
		HideSolutionNode = FALSE
	EndGlobalSection
EndGlobal
